// !$*UTF8*$!
{
	archiveVersion = 1;
	classes = {
	};
	objectVersion = 46;
	objects = {

/* Begin PBXBuildFile section */
		A65DF4B21ADD29DD00A112E3 /* AppDelegate.swift in Sources */ = {isa = PBXBuildFile; fileRef = A65DF4B11ADD29DD00A112E3 /* AppDelegate.swift */; };
		A65DF4B41ADD29DD00A112E3 /* ViewController.swift in Sources */ = {isa = PBXBuildFile; fileRef = A65DF4B31ADD29DD00A112E3 /* ViewController.swift */; };
		A65DF4B71ADD29DD00A112E3 /* Main.storyboard in Resources */ = {isa = PBXBuildFile; fileRef = A65DF4B51ADD29DD00A112E3 /* Main.storyboard */; };
		A65DF4B91ADD29DD00A112E3 /* Images.xcassets in Resources */ = {isa = PBXBuildFile; fileRef = A65DF4B81ADD29DD00A112E3 /* Images.xcassets */; };
		A65DF4BC1ADD29DD00A112E3 /* LaunchScreen.xib in Resources */ = {isa = PBXBuildFile; fileRef = A65DF4BA1ADD29DD00A112E3 /* LaunchScreen.xib */; };
		A65DF4C81ADD29DD00A112E3 /* SVNTestHMTests.swift in Sources */ = {isa = PBXBuildFile; fileRef = A65DF4C71ADD29DD00A112E3 /* SVNTestHMTests.swift */; };
/* End PBXBuildFile section */

/* Begin PBXContainerItemProxy section */
		A65DF4C21ADD29DD00A112E3 /* PBXContainerItemProxy */ = {
			isa = PBXContainerItemProxy;
			containerPortal = A65DF4A41ADD29DD00A112E3 /* Project object */;
			proxyType = 1;
			remoteGlobalIDString = A65DF4AB1ADD29DD00A112E3;
			remoteInfo = SVNTestHM;
		};
/* End PBXContainerItemProxy section */

/* Begin PBXFileReference section */
		A65DF4AC1ADD29DD00A112E3 /* SVNTestHM.app */ = {isa = PBXFileReference; explicitFileType = wrapper.application; includeInIndex = 0; path = SVNTestHM.app; sourceTree = BUILT_PRODUCTS_DIR; };
		A65DF4B01ADD29DD00A112E3 /* Info.plist */ = {isa = PBXFileReference; lastKnownFileType = text.plist.xml; path = Info.plist; sourceTree = "<group>"; };
		A65DF4B11ADD29DD00A112E3 /* AppDelegate.swift */ = {isa = PBXFileReference; lastKnownFileType = sourcecode.swift; path = AppDelegate.swift; sourceTree = "<group>"; };
		A65DF4B31ADD29DD00A112E3 /* ViewController.swift */ = {isa = PBXFileReference; lastKnownFileType = sourcecode.swift; path = ViewController.swift; sourceTree = "<group>"; };
		A65DF4B61ADD29DD00A112E3 /* Base */ = {isa = PBXFileReference; lastKnownFileType = file.storyboard; name = Base; path = Base.lproj/Main.storyboard; sourceTree = "<group>"; };
		A65DF4B81ADD29DD00A112E3 /* Images.xcassets */ = {isa = PBXFileReference; lastKnownFileType = folder.assetcatalog; path = Images.xcassets; sourceTree = "<group>"; };
		A65DF4BB1ADD29DD00A112E3 /* Base */ = {isa = PBXFileReference; lastKnownFileType = file.xib; name = Base; path = Base.lproj/LaunchScreen.xib; sourceTree = "<group>"; };
		A65DF4C11ADD29DD00A112E3 /* SVNTestHMTests.xctest */ = {isa = PBXFileReference; explicitFileType = wrapper.cfbundle; includeInIndex = 0; path = SVNTestHMTests.xctest; sourceTree = BUILT_PRODUCTS_DIR; };
		A65DF4C61ADD29DD00A112E3 /* Info.plist */ = {isa = PBXFileReference; lastKnownFileType = text.plist.xml; path = Info.plist; sourceTree = "<group>"; };
		A65DF4C71ADD29DD00A112E3 /* SVNTestHMTests.swift */ = {isa = PBXFileReference; lastKnownFileType = sourcecode.swift; path = SVNTestHMTests.swift; sourceTree = "<group>"; };
/* End PBXFileReference section */

/* Begin PBXFrameworksBuildPhase section */
		A65DF4A91ADD29DD00A112E3 /* Frameworks */ = {
			isa = PBXFrameworksBuildPhase;
			buildActionMask = 2147483647;
			files = (
			);
			runOnlyForDeploymentPostprocessing = 0;
		};
		A65DF4BE1ADD29DD00A112E3 /* Frameworks */ = {
			isa = PBXFrameworksBuildPhase;
			buildActionMask = 2147483647;
			files = (
			);
			runOnlyForDeploymentPostprocessing = 0;
		};
/* End PBXFrameworksBuildPhase section */

/* Begin PBXGroup section */
		A65DF4A31ADD29DD00A112E3 = {
			isa = PBXGroup;
			children = (
				A65DF4AE1ADD29DD00A112E3 /* SVNTestHM */,
				A65DF4C41ADD29DD00A112E3 /* SVNTestHMTests */,
				A65DF4AD1ADD29DD00A112E3 /* Products */,
			);
			sourceTree = "<group>";
		};
		A65DF4AD1ADD29DD00A112E3 /* Products */ = {
			isa = PBXGroup;
			children = (
				A65DF4AC1ADD29DD00A112E3 /* SVNTestHM.app */,
				A65DF4C11ADD29DD00A112E3 /* SVNTestHMTests.xctest */,
			);
			name = Products;
			sourceTree = "<group>";
		};
		A65DF4AE1ADD29DD00A112E3 /* SVNTestHM */ = {
			isa = PBXGroup;
			children = (
				A65DF4B11ADD29DD00A112E3 /* AppDelegate.swift */,
				A65DF4B31ADD29DD00A112E3 /* ViewController.swift */,
				A65DF4B51ADD29DD00A112E3 /* Main.storyboard */,
				A65DF4B81ADD29DD00A112E3 /* Images.xcassets */,
				A65DF4BA1ADD29DD00A112E3 /* LaunchScreen.xib */,
				A65DF4AF1ADD29DD00A112E3 /* Supporting Files */,
			);
			path = SVNTestHM;
			sourceTree = "<group>";
		};
		A65DF4AF1ADD29DD00A112E3 /* Supporting Files */ = {
			isa = PBXGroup;
			children = (
				A65DF4B01ADD29DD00A112E3 /* Info.plist */,
			);
			name = "Supporting Files";
			sourceTree = "<group>";
		};
		A65DF4C41ADD29DD00A112E3 /* SVNTestHMTests */ = {
			isa = PBXGroup;
			children = (
				A65DF4C71ADD29DD00A112E3 /* SVNTestHMTests.swift */,
				A65DF4C51ADD29DD00A112E3 /* Supporting Files */,
			);
			path = SVNTestHMTests;
			sourceTree = "<group>";
		};
		A65DF4C51ADD29DD00A112E3 /* Supporting Files */ = {
			isa = PBXGroup;
			children = (
				A65DF4C61ADD29DD00A112E3 /* Info.plist */,
			);
			name = "Supporting Files";
			sourceTree = "<group>";
		};
/* End PBXGroup section */

/* Begin PBXNativeTarget section */
		A65DF4AB1ADD29DD00A112E3 /* SVNTestHM */ = {
			isa = PBXNativeTarget;
			buildConfigurationList = A65DF4CB1ADD29DD00A112E3 /* Build configuration list for PBXNativeTarget "SVNTestHM" */;
			buildPhases = (
				A65DF4A81ADD29DD00A112E3 /* Sources */,
				A65DF4A91ADD29DD00A112E3 /* Frameworks */,
				A65DF4AA1ADD29DD00A112E3 /* Resources */,
			);
			buildRules = (
			);
			dependencies = (
			);
			name = SVNTestHM;
			productName = SVNTestHM;
			productReference = A65DF4AC1ADD29DD00A112E3 /* SVNTestHM.app */;
			productType = "com.apple.product-type.application";
		};
		A65DF4C01ADD29DD00A112E3 /* SVNTestHMTests */ = {
			isa = PBXNativeTarget;
			buildConfigurationList = A65DF4CE1ADD29DD00A112E3 /* Build configuration list for PBXNativeTarget "SVNTestHMTests" */;
			buildPhases = (
				A65DF4BD1ADD29DD00A112E3 /* Sources */,
				A65DF4BE1ADD29DD00A112E3 /* Frameworks */,
				A65DF4BF1ADD29DD00A112E3 /* Resources */,
			);
			buildRules = (
			);
			dependencies = (
				A65DF4C31ADD29DD00A112E3 /* PBXTargetDependency */,
			);
			name = SVNTestHMTests;
			productName = SVNTestHMTests;
			productReference = A65DF4C11ADD29DD00A112E3 /* SVNTestHMTests.xctest */;
			productType = "com.apple.product-type.bundle.unit-test";
		};
/* End PBXNativeTarget section */

/* Begin PBXProject section */
		A65DF4A41ADD29DD00A112E3 /* Project object */ = {
			isa = PBXProject;
			attributes = {
				LastUpgradeCheck = 0630;
				ORGANIZATIONNAME = "Qtoof App";
				TargetAttributes = {
					A65DF4AB1ADD29DD00A112E3 = {
						CreatedOnToolsVersion = 6.3;
					};
					A65DF4C01ADD29DD00A112E3 = {
						CreatedOnToolsVersion = 6.3;
						TestTargetID = A65DF4AB1ADD29DD00A112E3;
					};
				};
			};
			buildConfigurationList = A65DF4A71ADD29DD00A112E3 /* Build configuration list for PBXProject "SVNTestHM" */;
			compatibilityVersion = "Xcode 3.2";
			developmentRegion = English;
			hasScannedForEncodings = 0;
			knownRegions = (
				en,
				Base,
			);
			mainGroup = A65DF4A31ADD29DD00A112E3;
			productRefGroup = A65DF4AD1ADD29DD00A112E3 /* Products */;
			projectDirPath = "";
			projectRoot = "";
			targets = (
				A65DF4AB1ADD29DD00A112E3 /* SVNTestHM */,
				A65DF4C01ADD29DD00A112E3 /* SVNTestHMTests */,
			);
		};
/* End PBXProject section */

/* Begin PBXResourcesBuildPhase section */
		A65DF4AA1ADD29DD00A112E3 /* Resources */ = {
			isa = PBXResourcesBuildPhase;
			buildActionMask = 2147483647;
			files = (
				A65DF4B71ADD29DD00A112E3 /* Main.storyboard in Resources */,
				A65DF4BC1ADD29DD00A112E3 /* LaunchScreen.xib in Resources */,
				A65DF4B91ADD29DD00A112E3 /* Images.xcassets in Resources */,
			);
			runOnlyForDeploymentPostprocessing = 0;
		};
		A65DF4BF1ADD29DD00A112E3 /* Resources */ = {
			isa = PBXResourcesBuildPhase;
			buildActionMask = 2147483647;
			files = (
			);
			runOnlyForDeploymentPostprocessing = 0;
		};
/* End PBXResourcesBuildPhase section */

/* Begin PBXSourcesBuildPhase section */
		A65DF4A81ADD29DD00A112E3 /* Sources */ = {
			isa = PBXSourcesBuildPhase;
			buildActionMask = 2147483647;
			files = (
				A65DF4B41ADD29DD00A112E3 /* ViewController.swift in Sources */,
				A65DF4B21ADD29DD00A112E3 /* AppDelegate.swift in Sources */,
			);
			runOnlyForDeploymentPostprocessing = 0;
		};
		A65DF4BD1ADD29DD00A112E3 /* Sources */ = {
			isa = PBXSourcesBuildPhase;
			buildActionMask = 2147483647;
			files = (
				A65DF4C81ADD29DD00A112E3 /* SVNTestHMTests.swift in Sources */,
			);
			runOnlyForDeploymentPostprocessing = 0;
		};
/* End PBXSourcesBuildPhase section */

/* Begin PBXTargetDependency section */
		A65DF4C31ADD29DD00A112E3 /* PBXTargetDependency */ = {
			isa = PBXTargetDependency;
			target = A65DF4AB1ADD29DD00A112E3 /* SVNTestHM */;
			targetProxy = A65DF4C21ADD29DD00A112E3 /* PBXContainerItemProxy */;
		};
/* End PBXTargetDependency section */

/* Begin PBXVariantGroup section */
		A65DF4B51ADD29DD00A112E3 /* Main.storyboard */ = {
			isa = PBXVariantGroup;
			children = (
				A65DF4B61ADD29DD00A112E3 /* Base */,
			);
			name = Main.storyboard;
			sourceTree = "<group>";
		};
		A65DF4BA1ADD29DD00A112E3 /* LaunchScreen.xib */ = {
			isa = PBXVariantGroup;
			children = (
				A65DF4BB1ADD29DD00A112E3 /* Base */,
			);
			name = LaunchScreen.xib;
			sourceTree = "<group>";
		};
/* End PBXVariantGroup section */

/* Begin XCBuildConfiguration section */
		A65DF4C91ADD29DD00A112E3 /* Debug */ = {
			isa = XCBuildConfiguration;
			buildSettings = {
				ALWAYS_SEARCH_USER_PATHS = NO;
				CLANG_CXX_LANGUAGE_STANDARD = "gnu++0x";
				CLANG_CXX_LIBRARY = "libc++";
				CLANG_ENABLE_MODULES = YES;
				CLANG_ENABLE_OBJC_ARC = YES;
				CLANG_WARN_BOOL_CONVERSION = YES;
				CLANG_WARN_CONSTANT_CONVERSION = YES;
				CLANG_WARN_DIRECT_OBJC_ISA_USAGE = YES_ERROR;
				CLANG_WARN_EMPTY_BODY = YES;
				CLANG_WARN_ENUM_CONVERSION = YES;
				CLANG_WARN_INT_CONVERSION = YES;
				CLANG_WARN_OBJC_ROOT_CLASS = YES_ERROR;
				CLANG_WARN_UNREACHABLE_CODE = YES;
				CLANG_WARN__DUPLICATE_METHOD_MATCH = YES;
				"CODE_SIGN_IDENTITY[sdk=iphoneos*]" = "iPhone Developer";
				COPY_PHASE_STRIP = NO;
				DEBUG_INFORMATION_FORMAT = "dwarf-with-dsym";
				ENABLE_STRICT_OBJC_MSGSEND = YES;
				GCC_C_LANGUAGE_STANDARD = gnu99;
				GCC_DYNAMIC_NO_PIC = NO;
				GCC_NO_COMMON_BLOCKS = YES;
				GCC_OPTIMIZATION_LEVEL = 0;
				GCC_PREPROCESSOR_DEFINITIONS = (
					"DEBUG=1",
					"$(inherited)",
				);
				GCC_SYMBOLS_PRIVATE_EXTERN = NO;
				GCC_WARN_64_TO_32_BIT_CONVERSION = YES;
				GCC_WARN_ABOUT_RETURN_TYPE = YES_ERROR;
				GCC_WARN_UNDECLARED_SELECTOR = YES;
				GCC_WARN_UNINITIALIZED_AUTOS = YES_AGGRESSIVE;
				GCC_WARN_UNUSED_FUNCTION = YES;
				GCC_WARN_UNUSED_VARIABLE = YES;
				IPHONEOS_DEPLOYMENT_TARGET = 8.3;
				MTL_ENABLE_DEBUG_INFO = YES;
				ONLY_ACTIVE_ARCH = YES;
				SDKROOT = iphoneos;
				SWIFT_OPTIMIZATION_LEVEL = "-Onone";
			};
			name = Debug;
		};
		A65DF4CA1ADD29DD00A112E3 /* Release */ = {
			isa = XCBuildConfiguration;
			buildSettings = {
				ALWAYS_SEARCH_USER_PATHS = NO;
				CLANG_CXX_LANGUAGE_STANDARD = "gnu++0x";
				CLANG_CXX_LIBRARY = "libc++";
				CLANG_ENABLE_MODULES = YES;
				CLANG_ENABLE_OBJC_ARC = YES;
				CLANG_WARN_BOOL_CONVERSION = YES;
				CLANG_WARN_CONSTANT_CONVERSION = YES;
				CLANG_WARN_DIRECT_OBJC_ISA_USAGE = YES_ERROR;
				CLANG_WARN_EMPTY_BODY = YES;
				CLANG_WARN_ENUM_CONVERSION = YES;
				CLANG_WARN_INT_CONVERSION = YES;
				CLANG_WARN_OBJC_ROOT_CLASS = YES_ERROR;
				CLANG_WARN_UNREACHABLE_CODE = YES;
				CLANG_WARN__DUPLICATE_METHOD_MATCH = YES;
				"CODE_SIGN_IDENTITY[sdk=iphoneos*]" = "iPhone Developer";
				COPY_PHASE_STRIP = NO;
				DEBUG_INFORMATION_FORMAT = "dwarf-with-dsym";
				ENABLE_NS_ASSERTIONS = NO;
				ENABLE_STRICT_OBJC_MSGSEND = YES;
				GCC_C_LANGUAGE_STANDARD = gnu99;
				GCC_NO_COMMON_BLOCKS = YES;
				GCC_WARN_64_TO_32_BIT_CONVERSION = YES;
				GCC_WARN_ABOUT_RETURN_TYPE = YES_ERROR;
				GCC_WARN_UNDECLARED_SELECTOR = YES;
				GCC_WARN_UNINITIALIZED_AUTOS = YES_AGGRESSIVE;
				GCC_WARN_UNUSED_FUNCTION = YES;
				GCC_WARN_UNUSED_VARIABLE = YES;
				IPHONEOS_DEPLOYMENT_TARGET = 8.3;
				MTL_ENABLE_DEBUG_INFO = NO;
				SDKROOT = iphoneos;
				VALIDATE_PRODUCT = YES;
			};
			name = Release;
		};
		A65DF4CC1ADD29DD00A112E3 /* Debug */ = {
			isa = XCBuildConfiguration;
			buildSettings = {
				ASSETCATALOG_COMPILER_APPICON_NAME = AppIcon;
				INFOPLIST_FILE = SVNTestHM/Info.plist;
				LD_RUNPATH_SEARCH_PATHS = "$(inherited) @executable_path/Frameworks";
				PRODUCT_NAME = "$(TARGET_NAME)";
			};
			name = Debug;
		};
		A65DF4CD1ADD29DD00A112E3 /* Release */ = {
			isa = XCBuildConfiguration;
			buildSettings = {
				ASSETCATALOG_COMPILER_APPICON_NAME = AppIcon;
				INFOPLIST_FILE = SVNTestHM/Info.plist;
				LD_RUNPATH_SEARCH_PATHS = "$(inherited) @executable_path/Frameworks";
				PRODUCT_NAME = "$(TARGET_NAME)";
			};
			name = Release;
		};
		A65DF4CF1ADD29DD00A112E3 /* Debug */ = {
			isa = XCBuildConfiguration;
			buildSettings = {
				BUNDLE_LOADER = "$(TEST_HOST)";
				FRAMEWORK_SEARCH_PATHS = (
					"$(SDKROOT)/Developer/Library/Frameworks",
					"$(inherited)",
				);
				GCC_PREPROCESSOR_DEFINITIONS = (
					"DEBUG=1",
					"$(inherited)",
				);
				INFOPLIST_FILE = SVNTestHMTests/Info.plist;
				LD_RUNPATH_SEARCH_PATHS = "$(inherited) @executable_path/Frameworks @loader_path/Frameworks";
				PRODUCT_NAME = "$(TARGET_NAME)";
				TEST_HOST = "$(BUILT_PRODUCTS_DIR)/SVNTestHM.app/SVNTestHM";
			};
			name = Debug;
		};
		A65DF4D01ADD29DD00A112E3 /* Release */ = {
			isa = XCBuildConfiguration;
			buildSettings = {
				BUNDLE_LOADER = "$(TEST_HOST)";
				FRAMEWORK_SEARCH_PATHS = (
					"$(SDKROOT)/Developer/Library/Frameworks",
					"$(inherited)",
				);
				INFOPLIST_FILE = SVNTestHMTests/Info.plist;
				LD_RUNPATH_SEARCH_PATHS = "$(inherited) @executable_path/Frameworks @loader_path/Frameworks";
				PRODUCT_NAME = "$(TARGET_NAME)";
				TEST_HOST = "$(BUILT_PRODUCTS_DIR)/SVNTestHM.app/SVNTestHM";
			};
			name = Release;
		};
/* End XCBuildConfiguration section */

/* Begin XCConfigurationList section */
		A65DF4A71ADD29DD00A112E3 /* Build configuration list for PBXProject "SVNTestHM" */ = {
			isa = XCConfigurationList;
			buildConfigurations = (
				A65DF4C91ADD29DD00A112E3 /* Debug */,
				A65DF4CA1ADD29DD00A112E3 /* Release */,
			);
			defaultConfigurationIsVisible = 0;
			defaultConfigurationName = Release;
		};
		A65DF4CB1ADD29DD00A112E3 /* Build configuration list for PBXNativeTarget "SVNTestHM" */ = {
			isa = XCConfigurationList;
			buildConfigurations = (
				A65DF4CC1ADD29DD00A112E3 /* Debug */,
				A65DF4CD1ADD29DD00A112E3 /* Release */,
			);
			defaultConfigurationIsVisible = 0;
		};
		A65DF4CE1ADD29DD00A112E3 /* Build configuration list for PBXNativeTarget "SVNTestHMTests" */ = {
			isa = XCConfigurationList;
			buildConfigurations = (
				A65DF4CF1ADD29DD00A112E3 /* Debug */,
				A65DF4D01ADD29DD00A112E3 /* Release */,
			);
			defaultConfigurationIsVisible = 0;
		};
/* End XCConfigurationList section */
	};
	rootObject = A65DF4A41ADD29DD00A112E3 /* Project object */;
}
